
Microsoft Visual Studio Solution File, Format Version 12.00
# Visual Studio Version 17
VisualStudioVersion = 17.0.32112.339
MinimumVisualStudioVersion = 10.0.40219.1
Project("{FAE04EC0-301F-11D3-BF4B-00C04F79EFBC}") = "Source", "Source1\Source.csproj", "{15D1F013-4C86-49EC-9984-1140528C2B1E}"
EndProject
Global
	GlobalSection(SolutionConfigurationPlatforms) = preSolution
		Debug|Any CPU = Debug|Any CPU
		Release|Any CPU = Release|Any CPU
	EndGlobalSection
	GlobalSection(ProjectConfigurationPlatforms) = postSolution
		{15D1F013-4C86-49EC-9984-1140528C2B1E}.Debug|Any CPU.ActiveCfg = Debug|Any CPU
		{15D1F013-4C86-49EC-9984-1140528C2B1E}.Debug|Any CPU.Build.0 = Debug|Any CPU
		{15D1F013-4C86-49EC-9984-1140528C2B1E}.Release|Any CPU.ActiveCfg = Release|Any CPU
		{15D1F013-4C86-49EC-9984-1140528C2B1E}.Release|Any CPU.Build.0 = Release|Any CPU
	EndGlobalSection
	GlobalSection(SolutionProperties) = preSolution
		HideSolutionNode = FALSE
	EndGlobalSection
	GlobalSection(ExtensibilityGlobals) = postSolution
		SolutionGuid = {F7DC1556-4E49-4B7C-9BAA-86C5C65B18B0}
	EndGlobalSection
EndGlobal
